github.com/creachadair/atomicfile v0.4.1 h1:72SopAy00u42/iL0p3CZILv51oUEem8uDbxUfnzmsXU=
github.com/creachadair/atomicfile v0.4.1/go.mod h1:+PsFcWa9SZuK+xnykzupXErqESId5eCGsuqFWkazMQI=
github.com/creachadair/command v0.2.6 h1:+d4xUSZza5nqRVVsVRf5jDbix/0uKxVqFrc30F4uyRI=
github.com/creachadair/command v0.2.6/go.mod h1:HWvS3zEpVakKlNXxT/j1U8tNoDaY7By7ORYQ+m1ha2U=
github.com/creachadair/flax v0.0.6 h1:IFUdRdfKynNTyR5SRlrHMUGnxxMZZen8RVpwcDq/ftk=
github.com/creachadair/flax v0.0.6/go.mod h1:F1PML0JZLXSNDMNiRGK2yjm5f+L9QCHchyHBldFymj8=
github.com/creachadair/getpass v0.3.2 h1:uPcuIx/aQV2yu9C9yvHnaL50equaoH0h/EZ2FvU4WjU=
github.com/creachadair/getpass v0.3.2/go.mod h1:BDvz10oKkTg8LHYncI+UH6Q7l6V+t/4Gz8/b062m508=
github.com/creachadair/mds v0.29.2 h1:1IBhfyolZUCA53twI1hXembOdpIe4bJ4OGJELBbGrN4=
github.com/creachadair/mds v0.29.2/go.mod h1:dMBTCSy3iS3dwh4Rb1zxeZz2d7K8+N24GCTsayWtQRI=
github.com/google/go-cmp v0.7.0 h1:wk8382ETsv4JYUZwIsn6YpYiWiBsYLSJiTsyBybVuN8=
github.com/google/go-cmp v0.7.0/go.mod h1:pXiqmnSA92OHEEa9HXL2W4E7lf9JzCmGVUdgjX3N/iU=
golang.org/x/crypto v0.53.0 h1:QZ4Muo8THX6CizN2vPPd5fBGHyogrdK9fG4wLPFUsto=
golang.org/x/crypto v0.53.0/go.mod h1:DNLU434OwVakk9PzuwV8w62mAJpRJL3vsgcfp4Qnsio=
golang.org/x/sys v0.46.0 h1:noSf2Fq6F8DBgS+LysIkx7rIExoNHJsxOAtPp4rthXw=
golang.org/x/sys v0.46.0/go.mod h1:4GL1E5IUh+htKOUEOaiffhrAeqysfVGipDYzABqnCmw=
golang.org/x/term v0.44.0 h1:0rLvDRCtNj0gZkyIXhCyOb2OAzEhLVqc4B+hrsBhrmc=
golang.org/x/term v0.44.0/go.mod h1:7ze4MdzUzLXpSAoFP1H0bOI9aXDqveSvatT5vKcFh2Y=
