github.com/creachadair/atomicfile v0.4.1 h1:72SopAy00u42/iL0p3CZILv51oUEem8uDbxUfnzmsXU=
github.com/creachadair/atomicfile v0.4.1/go.mod h1:+PsFcWa9SZuK+xnykzupXErqESId5eCGsuqFWkazMQI=
github.com/creachadair/command v0.2.0 h1:qTA9cMMhZePAxFoNdnk6F6nn94s1qPndIg9hJbqI9cA=
github.com/creachadair/command v0.2.0/go.mod h1:j+Ar+uYnFsHpkMeV9kGj6lJ45y9u2xqtg8FYy6cm+0o=
github.com/creachadair/flax v0.0.5 h1:zt+CRuXQASxwQ68e9GHAOnEgAU29nF0zYMHOCrL5wzE=
github.com/creachadair/flax v0.0.5/go.mod h1:F1PML0JZLXSNDMNiRGK2yjm5f+L9QCHchyHBldFymj8=
github.com/creachadair/getpass v0.3.0 h1:phkNCSJK3E7z00K61fJN6FVeK7QVB544TfMwrv4wHCg=
github.com/creachadair/getpass v0.3.0/go.mod h1:uP4qBITSjhKDM0aiWxxkKXo4CbF289NQeqJYKUJPlzk=
github.com/creachadair/mds v0.26.1 h1:CQG8f4cueHX/c20q5Sy/Ubk8Bvy+aRzVgbpxVieMBAs=
github.com/creachadair/mds v0.26.1/go.mod h1:dMBTCSy3iS3dwh4Rb1zxeZz2d7K8+N24GCTsayWtQRI=
github.com/google/go-cmp v0.7.0 h1:wk8382ETsv4JYUZwIsn6YpYiWiBsYLSJiTsyBybVuN8=
github.com/google/go-cmp v0.7.0/go.mod h1:pXiqmnSA92OHEEa9HXL2W4E7lf9JzCmGVUdgjX3N/iU=
golang.org/x/crypto v0.49.0 h1:+Ng2ULVvLHnJ/ZFEq4KdcDd/cfjrrjjNSXNzxg0Y4U4=
golang.org/x/crypto v0.49.0/go.mod h1:ErX4dUh2UM+CFYiXZRTcMpEcN8b/1gxEuv3nODoYtCA=
golang.org/x/sys v0.42.0 h1:omrd2nAlyT5ESRdCLYdm3+fMfNFE/+Rf4bDIQImRJeo=
golang.org/x/sys v0.42.0/go.mod h1:4GL1E5IUh+htKOUEOaiffhrAeqysfVGipDYzABqnCmw=
golang.org/x/term v0.41.0 h1:QCgPso/Q3RTJx2Th4bDLqML4W6iJiaXFq2/ftQF13YU=
golang.org/x/term v0.41.0/go.mod h1:3pfBgksrReYfZ5lvYM0kSO0LIkAl4Yl2bXOkKP7Ec2A=
