github.com/creachadair/atomicfile v0.4.2 h1:pSSsKxmUefqCTg+QgyCG2bw1KmsB76apBL4lhJjichI=
github.com/creachadair/atomicfile v0.4.2/go.mod h1:ts9VunJluQvSXtkrl0YlDn9ckZaS+eMkBW2g20gB5II=
github.com/creachadair/command v0.2.11 h1:YPpsfKHDgVvOWs0kzlZz1RviLbuyb/tBT39yzbtRSAU=
github.com/creachadair/command v0.2.11/go.mod h1:p7iYfSCIAVz+oYYIsXsya1hjKgjitd3U/0eOrzTWkBQ=
github.com/creachadair/flax v0.0.6 h1:IFUdRdfKynNTyR5SRlrHMUGnxxMZZen8RVpwcDq/ftk=
github.com/creachadair/flax v0.0.6/go.mod h1:F1PML0JZLXSNDMNiRGK2yjm5f+L9QCHchyHBldFymj8=
github.com/creachadair/getpass v0.3.3 h1:KvV4mZBl9zFtVS1RY9710nXMttG+ypCeuOF76x35NGQ=
github.com/creachadair/getpass v0.3.3/go.mod h1:Lgc/8/lJI2LuMVkOuG+yYxC8iMwBj3uB7PaK+dB39Yk=
github.com/creachadair/mds v0.30.5 h1:JtylThbC3wUndriq7yZiY23AD0L7ZaKSvx3XQwQk8FI=
github.com/creachadair/mds v0.30.5/go.mod h1:NGUd6kGUG0qQd2kgGOqb8NzakLnSmWZ5be2pHZsrBN4=
github.com/google/go-cmp v0.7.0 h1:wk8382ETsv4JYUZwIsn6YpYiWiBsYLSJiTsyBybVuN8=
github.com/google/go-cmp v0.7.0/go.mod h1:pXiqmnSA92OHEEa9HXL2W4E7lf9JzCmGVUdgjX3N/iU=
golang.org/x/crypto v0.54.0 h1:YLIA59K4fiNzHzjnZt2tUJQjQtUWfWbeHBqKtk3eScw=
golang.org/x/crypto v0.54.0/go.mod h1:KWL8ny2AZdGR2cWmzeHrp2azQPGogOv+HeQaVEXC2dk=
golang.org/x/sys v0.47.0 h1:o7XGOvZQCADBQQ4Y7VNq2dRWQR7JmOUW8Kxx4ZsNgWs=
golang.org/x/sys v0.47.0/go.mod h1:4GL1E5IUh+htKOUEOaiffhrAeqysfVGipDYzABqnCmw=
golang.org/x/term v0.45.0 h1:NwWyBmoJCbfTHpxrWoZ9C6/VxOf7ic219I8xZZFdrf0=
golang.org/x/term v0.45.0/go.mod h1:9aqxs0blBcrm/n0L9QW0aRVD+ktan8ssZromtqJC43w=
